{
  "name": "hello-javascript-workspaces",
  "version": "1.0.0",
  "lockfileVersion": 3,
  "requires": true,
  "packages": {
    "": {
      "name": "hello-javascript-workspaces",
      "version": "1.0.0",
      "license": "Apache-2.0",
      "workspaces": [
        "packages/ps-tree"
      ]
    },
    "node_modules/ps-tree": {
      "resolved": "packages/ps-tree",
      "link": true
    },
    "packages/ps-tree": {
      "version": "1.0.0",
      "license": "Apache-2.0"
    }
  }
}
